PODS:
  - OCMock (3.1)
  - SquarePointOfSaleSDK (3.4.1)
  - SquarePointOfSaleSDK/SampleApp (3.4.1)
  - SquarePointOfSaleSDK/Tests (3.4.1):
    - OCMock (= 3.1)

DEPENDENCIES:
  - SquarePointOfSaleSDK (from `./`)
  - SquarePointOfSaleSDK/SampleApp (from `./`)
  - SquarePointOfSaleSDK/Tests (from `./`)

SPEC REPOS:
  https://github.com/CocoaPods/Specs.git:
    - OCMock

EXTERNAL SOURCES:
  SquarePointOfSaleSDK:
    :path: "./"

SPEC CHECKSUMS:
  OCMock: 721c11680ae2d65d67f40932777194daf7002781
  SquarePointOfSaleSDK: 7cd8c9bd790e33e837960e21f84d68a893a39a84

PODFILE CHECKSUM: a679ea1c4a7a65af08221a21783dd323549bd283

COCOAPODS: 1.9.3
