PODS:
  - SquarePointOfSaleSDK (3.5.1)
  - SquarePointOfSaleSDK/SampleApp (3.5.1)
  - SquarePointOfSaleSDK/Tests (3.5.1)

DEPENDENCIES:
  - SquarePointOfSaleSDK (from `./`)
  - SquarePointOfSaleSDK/SampleApp (from `./`)
  - SquarePointOfSaleSDK/Tests (from `./`)

EXTERNAL SOURCES:
  SquarePointOfSaleSDK:
    :path: "./"

SPEC CHECKSUMS:
  SquarePointOfSaleSDK: 0b07e6cdb4f6bbeb61c4f603de2d2696f472020b

PODFILE CHECKSUM: e781ee37c527dfe47abbeca21610d209a98372ff

COCOAPODS: 1.9.3
