PODS:
  - OCMock (3.3.1)
  - SquarePointOfSaleSDK (3.0)

DEPENDENCIES:
  - OCMock (~> 3.1)
  - SquarePointOfSaleSDK (from `SquarePointOfSaleSDK.podspec`)

EXTERNAL SOURCES:
  SquarePointOfSaleSDK:
    :path: SquarePointOfSaleSDK.podspec

SPEC CHECKSUMS:
  OCMock: f3f61e6eaa16038c30caa5798c5e49d3307b6f22
  SquarePointOfSaleSDK: f7b630912299e74531d6d11afc2d9e25e8d53ba7

PODFILE CHECKSUM: ccc81ef0e52c4416bc8bb487f3ed14ba80d8fa4a

COCOAPODS: 1.1.0
