// !$*UTF8*$!
{
	archiveVersion = 1;
	classes = {
	};
	objectVersion = 46;
	objects = {

/* Begin PBXBuildFile section */
		3E0592448BFF7C4AC0D4F73C /* Pods_SquareRegisterSDK_Tests.framework in Frameworks */ = {isa = PBXBuildFile; fileRef = CA2135BF5C72737CD2FD7420 /* Pods_SquareRegisterSDK_Tests.framework */; };
		65588757FD3D0B8796C99BCF /* Pods_HelloCharge.framework in Frameworks */ = {isa = PBXBuildFile; fileRef = B84D61797940709E0BC8B7A8 /* Pods_HelloCharge.framework */; };
		85A6FF421DCBEEE90023D15F /* HelloCharge-Swift.storyboard in Resources */ = {isa = PBXBuildFile; fileRef = 85A6FF401DCBEEE90023D15F /* HelloCharge-Swift.storyboard */; };
		85D810C81DC280C200FB4286 /* SquareRegisterSDK.framework in Frameworks */ = {isa = PBXBuildFile; fileRef = 85D810C71DC280C200FB4286 /* SquareRegisterSDK.framework */; };
		85EEDAAE1BA261C7009B8340 /* SCCAPIResponseTests.swift in Sources */ = {isa = PBXBuildFile; fileRef = 85EEDAAD1BA261C7009B8340 /* SCCAPIResponseTests.swift */; };
		8D5B8D771C89112600517590 /* SCCMoneyTests.swift in Sources */ = {isa = PBXBuildFile; fileRef = 8D5B8D761C89112600517590 /* SCCMoneyTests.swift */; };
		8DB920861C8E3E6900AAD8CC /* SCCAPIRequestTests.swift in Sources */ = {isa = PBXBuildFile; fileRef = 8DB920851C8E3E6900AAD8CC /* SCCAPIRequestTests.swift */; };
		8DB9208C1C8E687E00AAD8CC /* SCCAPIConnectionTests.m in Sources */ = {isa = PBXBuildFile; fileRef = 8DB9208B1C8E687E00AAD8CC /* SCCAPIConnectionTests.m */; };
		9C98F4661D9472F50078FED4 /* main.m in Sources */ = {isa = PBXBuildFile; fileRef = 9C98F4651D9472F50078FED4 /* main.m */; };
		9C98F4691D9472F50078FED4 /* HelloChargeAppDelegate.m in Sources */ = {isa = PBXBuildFile; fileRef = 9C98F4681D9472F50078FED4 /* HelloChargeAppDelegate.m */; };
		9C98F46F1D9472F50078FED4 /* HelloCharge.storyboard in Resources */ = {isa = PBXBuildFile; fileRef = 9C98F46D1D9472F50078FED4 /* HelloCharge.storyboard */; };
		9C98F4711D9472F50078FED4 /* Assets.xcassets in Resources */ = {isa = PBXBuildFile; fileRef = 9C98F4701D9472F50078FED4 /* Assets.xcassets */; };
		9C98F4741D9472F50078FED4 /* LaunchScreen.storyboard in Resources */ = {isa = PBXBuildFile; fileRef = 9C98F4721D9472F50078FED4 /* LaunchScreen.storyboard */; };
		9C98F47B1D947D690078FED4 /* HelloChargeTableViewController.m in Sources */ = {isa = PBXBuildFile; fileRef = 9C98F47A1D947D690078FED4 /* HelloChargeTableViewController.m */; };
		9CD870A91D80D11E009FCDF1 /* NSError+SCCAPIAdditionsTests.swift in Sources */ = {isa = PBXBuildFile; fileRef = 9CD870A81D80D11E009FCDF1 /* NSError+SCCAPIAdditionsTests.swift */; };
		9CE9D84D1D95D82000ACB62E /* HelloChargeSwiftAppDelegate.swift in Sources */ = {isa = PBXBuildFile; fileRef = 9CE9D84C1D95D82000ACB62E /* HelloChargeSwiftAppDelegate.swift */; };
		9CE9D8581D95D82100ACB62E /* Assets.xcassets in Resources */ = {isa = PBXBuildFile; fileRef = 9CE9D8571D95D82100ACB62E /* Assets.xcassets */; };
		9CE9D8631D95D8AE00ACB62E /* HelloChargeSwiftTableViewController.swift in Sources */ = {isa = PBXBuildFile; fileRef = 9CE9D8621D95D8AE00ACB62E /* HelloChargeSwiftTableViewController.swift */; };
		9CE9D8721D95ECE600ACB62E /* LaunchScreen.storyboard in Resources */ = {isa = PBXBuildFile; fileRef = 9CE9D86E1D95ECE600ACB62E /* LaunchScreen.storyboard */; };
		D32DAFE0185C0CF900EB5572 /* CoreData.framework in Frameworks */ = {isa = PBXBuildFile; fileRef = 0A02646E17B02E50008E22F5 /* CoreData.framework */; };
		D32DAFE3185C0D2F00EB5572 /* UIKit.framework in Frameworks */ = {isa = PBXBuildFile; fileRef = D32DAFE1185C0D2300EB5572 /* UIKit.framework */; };
		D368EE4F185855D700180B41 /* Foundation.framework in Frameworks */ = {isa = PBXBuildFile; fileRef = 0A02641217B027A2008E22F5 /* Foundation.framework */; };
		D368EF7C185C071400180B41 /* SCCTestCase.m in Sources */ = {isa = PBXBuildFile; fileRef = D368EF7B185C071400180B41 /* SCCTestCase.m */; };
		D373DF47185C2468006BAFB3 /* InfoPlist.strings in Resources */ = {isa = PBXBuildFile; fileRef = D373DF43185C2468006BAFB3 /* InfoPlist.strings */; };
		F38084A1C73362FCF9C7FC80 /* Pods_HelloCharge_Swift.framework in Frameworks */ = {isa = PBXBuildFile; fileRef = 5E679D35337DD3F8373EA5EC /* Pods_HelloCharge_Swift.framework */; };
/* End PBXBuildFile section */

/* Begin PBXContainerItemProxy section */
		9C8BE1351DA45D9600DCEC9E /* PBXContainerItemProxy */ = {
			isa = PBXContainerItemProxy;
			containerPortal = 0A02640717B027A2008E22F5 /* Project object */;
			proxyType = 1;
			remoteGlobalIDString = 9CE9D8491D95D81F00ACB62E;
			remoteInfo = "HelloCharge-Swift";
		};
/* End PBXContainerItemProxy section */

/* Begin PBXFileReference section */
		008778C942D881A3E18C2E5B /* Pods-HelloCharge-Swift.release.xcconfig */ = {isa = PBXFileReference; includeInIndex = 1; lastKnownFileType = text.xcconfig; name = "Pods-HelloCharge-Swift.release.xcconfig"; path = "Pods/Target Support Files/Pods-HelloCharge-Swift/Pods-HelloCharge-Swift.release.xcconfig"; sourceTree = "<group>"; };
		0A02641217B027A2008E22F5 /* Foundation.framework */ = {isa = PBXFileReference; lastKnownFileType = wrapper.framework; name = Foundation.framework; path = System/Library/Frameworks/Foundation.framework; sourceTree = SDKROOT; };
		0A02646E17B02E50008E22F5 /* CoreData.framework */ = {isa = PBXFileReference; lastKnownFileType = wrapper.framework; name = CoreData.framework; path = System/Library/Frameworks/CoreData.framework; sourceTree = SDKROOT; };
		0A74A1F68AF56B5107CA38E2 /* Pods-HelloCharge.release.xcconfig */ = {isa = PBXFileReference; includeInIndex = 1; lastKnownFileType = text.xcconfig; name = "Pods-HelloCharge.release.xcconfig"; path = "Pods/Target Support Files/Pods-HelloCharge/Pods-HelloCharge.release.xcconfig"; sourceTree = "<group>"; };
		0C51AD265558A4FDD6491C55 /* libPods-SquareRegisterSDK-Test-App-Swift.a */ = {isa = PBXFileReference; explicitFileType = archive.ar; includeInIndex = 0; path = "libPods-SquareRegisterSDK-Test-App-Swift.a"; sourceTree = BUILT_PRODUCTS_DIR; };
		0D4E615E282ACFD54E47750D /* Pods-HelloCharge-Swift.debug.xcconfig */ = {isa = PBXFileReference; includeInIndex = 1; lastKnownFileType = text.xcconfig; name = "Pods-HelloCharge-Swift.debug.xcconfig"; path = "Pods/Target Support Files/Pods-HelloCharge-Swift/Pods-HelloCharge-Swift.debug.xcconfig"; sourceTree = "<group>"; };
		266852125415334F831385A0 /* Pods-SquareRegisterSDK Tests.release.xcconfig */ = {isa = PBXFileReference; includeInIndex = 1; lastKnownFileType = text.xcconfig; name = "Pods-SquareRegisterSDK Tests.release.xcconfig"; path = "Pods/Target Support Files/Pods-SquareRegisterSDK Tests/Pods-SquareRegisterSDK Tests.release.xcconfig"; sourceTree = "<group>"; };
		5E679D35337DD3F8373EA5EC /* Pods_HelloCharge_Swift.framework */ = {isa = PBXFileReference; explicitFileType = wrapper.framework; includeInIndex = 0; path = Pods_HelloCharge_Swift.framework; sourceTree = BUILT_PRODUCTS_DIR; };
		7F68204B1D249A2700ACB51A /* libOCMock.a */ = {isa = PBXFileReference; lastKnownFileType = archive.ar; name = libOCMock.a; path = "../../../Library/Developer/Xcode/DerivedData/SquareRegisterSDK_Tests-csmeghvkxhpobrdxjmkoxnqenniy/Build/Products/Debug-iphoneos/OCMock/libOCMock.a"; sourceTree = "<group>"; };
		85A6FF411DCBEEE90023D15F /* Base */ = {isa = PBXFileReference; lastKnownFileType = file.storyboard; name = Base; path = "Base.lproj/HelloCharge-Swift.storyboard"; sourceTree = "<group>"; };
		85D810C71DC280C200FB4286 /* SquareRegisterSDK.framework */ = {isa = PBXFileReference; lastKnownFileType = wrapper.framework; name = SquareRegisterSDK.framework; path = "../../Library/Developer/Xcode/DerivedData/SquareRegisterSDK_Tests-hhxeiiroxofcijhdstsvbknjritu/Build/Products/Debug-iphonesimulator/SquareRegisterSDK/SquareRegisterSDK.framework"; sourceTree = "<group>"; };
		85EEDAAD1BA261C7009B8340 /* SCCAPIResponseTests.swift */ = {isa = PBXFileReference; fileEncoding = 4; lastKnownFileType = sourcecode.swift; path = SCCAPIResponseTests.swift; sourceTree = "<group>"; };
		8D5B8D751C89112600517590 /* SquareRegisterSDK Tests-Bridging-Header.h */ = {isa = PBXFileReference; lastKnownFileType = sourcecode.c.h; path = "SquareRegisterSDK Tests-Bridging-Header.h"; sourceTree = "<group>"; };
		8D5B8D761C89112600517590 /* SCCMoneyTests.swift */ = {isa = PBXFileReference; fileEncoding = 4; lastKnownFileType = sourcecode.swift; path = SCCMoneyTests.swift; sourceTree = "<group>"; };
		8DB920851C8E3E6900AAD8CC /* SCCAPIRequestTests.swift */ = {isa = PBXFileReference; fileEncoding = 4; lastKnownFileType = sourcecode.swift; path = SCCAPIRequestTests.swift; sourceTree = "<group>"; };
		8DB9208B1C8E687E00AAD8CC /* SCCAPIConnectionTests.m */ = {isa = PBXFileReference; fileEncoding = 4; lastKnownFileType = sourcecode.c.objc; path = SCCAPIConnectionTests.m; sourceTree = "<group>"; };
		9C655C1F1DA2D5D0000F94C3 /* SquareRegisterSDK.framework */ = {isa = PBXFileReference; explicitFileType = wrapper.framework; path = SquareRegisterSDK.framework; sourceTree = BUILT_PRODUCTS_DIR; };
		9C98F4621D9472F50078FED4 /* HelloCharge.app */ = {isa = PBXFileReference; explicitFileType = wrapper.application; includeInIndex = 0; path = HelloCharge.app; sourceTree = BUILT_PRODUCTS_DIR; };
		9C98F4651D9472F50078FED4 /* main.m */ = {isa = PBXFileReference; lastKnownFileType = sourcecode.c.objc; path = main.m; sourceTree = "<group>"; };
		9C98F4671D9472F50078FED4 /* HelloChargeAppDelegate.h */ = {isa = PBXFileReference; lastKnownFileType = sourcecode.c.h; path = HelloChargeAppDelegate.h; sourceTree = "<group>"; };
		9C98F4681D9472F50078FED4 /* HelloChargeAppDelegate.m */ = {isa = PBXFileReference; lastKnownFileType = sourcecode.c.objc; path = HelloChargeAppDelegate.m; sourceTree = "<group>"; };
		9C98F46E1D9472F50078FED4 /* Base */ = {isa = PBXFileReference; lastKnownFileType = file.storyboard; name = Base; path = Base.lproj/HelloCharge.storyboard; sourceTree = "<group>"; };
		9C98F4701D9472F50078FED4 /* Assets.xcassets */ = {isa = PBXFileReference; lastKnownFileType = folder.assetcatalog; path = Assets.xcassets; sourceTree = "<group>"; };
		9C98F4731D9472F50078FED4 /* Base */ = {isa = PBXFileReference; lastKnownFileType = file.storyboard; name = Base; path = Base.lproj/LaunchScreen.storyboard; sourceTree = "<group>"; };
		9C98F4751D9472F50078FED4 /* HelloCharge-Info.plist */ = {isa = PBXFileReference; lastKnownFileType = text.plist.xml; path = "HelloCharge-Info.plist"; sourceTree = "<group>"; };
		9C98F4791D947D690078FED4 /* HelloChargeTableViewController.h */ = {isa = PBXFileReference; fileEncoding = 4; lastKnownFileType = sourcecode.c.h; path = HelloChargeTableViewController.h; sourceTree = "<group>"; };
		9C98F47A1D947D690078FED4 /* HelloChargeTableViewController.m */ = {isa = PBXFileReference; fileEncoding = 4; lastKnownFileType = sourcecode.c.objc; path = HelloChargeTableViewController.m; sourceTree = "<group>"; };
		9CD870A81D80D11E009FCDF1 /* NSError+SCCAPIAdditionsTests.swift */ = {isa = PBXFileReference; fileEncoding = 4; lastKnownFileType = sourcecode.swift; path = "NSError+SCCAPIAdditionsTests.swift"; sourceTree = "<group>"; };
		9CE9D84A1D95D81F00ACB62E /* HelloCharge-Swift.app */ = {isa = PBXFileReference; explicitFileType = wrapper.application; includeInIndex = 0; path = "HelloCharge-Swift.app"; sourceTree = BUILT_PRODUCTS_DIR; };
		9CE9D84C1D95D82000ACB62E /* HelloChargeSwiftAppDelegate.swift */ = {isa = PBXFileReference; lastKnownFileType = sourcecode.swift; path = HelloChargeSwiftAppDelegate.swift; sourceTree = "<group>"; };
		9CE9D8571D95D82100ACB62E /* Assets.xcassets */ = {isa = PBXFileReference; lastKnownFileType = folder.assetcatalog; path = Assets.xcassets; sourceTree = "<group>"; };
		9CE9D85C1D95D82100ACB62E /* HelloCharge-Swift-Info.plist */ = {isa = PBXFileReference; lastKnownFileType = text.plist.xml; path = "HelloCharge-Swift-Info.plist"; sourceTree = "<group>"; };
		9CE9D8621D95D8AE00ACB62E /* HelloChargeSwiftTableViewController.swift */ = {isa = PBXFileReference; fileEncoding = 4; lastKnownFileType = sourcecode.swift; path = HelloChargeSwiftTableViewController.swift; sourceTree = "<group>"; };
		9CE9D8641D95D98C00ACB62E /* HelloCharge-Swift-Bridging-Header.h */ = {isa = PBXFileReference; lastKnownFileType = sourcecode.c.h; name = "HelloCharge-Swift-Bridging-Header.h"; path = "HelloCharge-Swift/HelloCharge-Swift-Bridging-Header.h"; sourceTree = "<group>"; };
		9CE9D86C1D95DBF500ACB62E /* HelloCharge-Swift-Bridging-Header.h */ = {isa = PBXFileReference; lastKnownFileType = sourcecode.c.h; path = "HelloCharge-Swift-Bridging-Header.h"; sourceTree = "<group>"; };
		9CE9D86F1D95ECE600ACB62E /* Base */ = {isa = PBXFileReference; lastKnownFileType = file.storyboard; name = Base; path = HelloCharge/Base.lproj/LaunchScreen.storyboard; sourceTree = SOURCE_ROOT; };
		B84D61797940709E0BC8B7A8 /* Pods_HelloCharge.framework */ = {isa = PBXFileReference; explicitFileType = wrapper.framework; includeInIndex = 0; path = Pods_HelloCharge.framework; sourceTree = BUILT_PRODUCTS_DIR; };
		CA2135BF5C72737CD2FD7420 /* Pods_SquareRegisterSDK_Tests.framework */ = {isa = PBXFileReference; explicitFileType = wrapper.framework; includeInIndex = 0; path = Pods_SquareRegisterSDK_Tests.framework; sourceTree = BUILT_PRODUCTS_DIR; };
		D32DAFE1185C0D2300EB5572 /* UIKit.framework */ = {isa = PBXFileReference; lastKnownFileType = wrapper.framework; name = UIKit.framework; path = System/Library/Frameworks/UIKit.framework; sourceTree = SDKROOT; };
		D32DB01B185C1FD700EB5572 /* CoreGraphics.framework */ = {isa = PBXFileReference; lastKnownFileType = wrapper.framework; name = CoreGraphics.framework; path = System/Library/Frameworks/CoreGraphics.framework; sourceTree = SDKROOT; };
		D368EE4C185855D700180B41 /* SquareRegisterSDK Tests.xctest */ = {isa = PBXFileReference; explicitFileType = wrapper.cfbundle; includeInIndex = 0; path = "SquareRegisterSDK Tests.xctest"; sourceTree = BUILT_PRODUCTS_DIR; };
		D368EE4D185855D700180B41 /* XCTest.framework */ = {isa = PBXFileReference; lastKnownFileType = wrapper.framework; name = XCTest.framework; path = Library/Frameworks/XCTest.framework; sourceTree = DEVELOPER_DIR; };
		D368EF7A185C071400180B41 /* SCCTestCase.h */ = {isa = PBXFileReference; fileEncoding = 4; lastKnownFileType = sourcecode.c.h; path = SCCTestCase.h; sourceTree = "<group>"; };
		D368EF7B185C071400180B41 /* SCCTestCase.m */ = {isa = PBXFileReference; fileEncoding = 4; lastKnownFileType = sourcecode.c.objc; path = SCCTestCase.m; sourceTree = "<group>"; };
		D373DF44185C2468006BAFB3 /* en */ = {isa = PBXFileReference; lastKnownFileType = text.plist.strings; name = en; path = en.lproj/InfoPlist.strings; sourceTree = "<group>"; };
		D373DF45185C2468006BAFB3 /* SquareRegisterSDK Tests-Info.plist */ = {isa = PBXFileReference; fileEncoding = 4; lastKnownFileType = text.plist.xml; path = "SquareRegisterSDK Tests-Info.plist"; sourceTree = "<group>"; };
		F170F785F7C6ABEEFB107B55 /* Pods-SquareRegisterSDK Tests.debug.xcconfig */ = {isa = PBXFileReference; includeInIndex = 1; lastKnownFileType = text.xcconfig; name = "Pods-SquareRegisterSDK Tests.debug.xcconfig"; path = "Pods/Target Support Files/Pods-SquareRegisterSDK Tests/Pods-SquareRegisterSDK Tests.debug.xcconfig"; sourceTree = "<group>"; };
		F4683E44AD7DEF2A91B089A6 /* Pods-HelloCharge.debug.xcconfig */ = {isa = PBXFileReference; includeInIndex = 1; lastKnownFileType = text.xcconfig; name = "Pods-HelloCharge.debug.xcconfig"; path = "Pods/Target Support Files/Pods-HelloCharge/Pods-HelloCharge.debug.xcconfig"; sourceTree = "<group>"; };
		F4F9857FFD5D8B7513A0B06C /* libPods-SquareRegisterSDK Test App.a */ = {isa = PBXFileReference; explicitFileType = archive.ar; includeInIndex = 0; path = "libPods-SquareRegisterSDK Test App.a"; sourceTree = BUILT_PRODUCTS_DIR; };
/* End PBXFileReference section */

/* Begin PBXFrameworksBuildPhase section */
		9C98F45F1D9472F50078FED4 /* Frameworks */ = {
			isa = PBXFrameworksBuildPhase;
			buildActionMask = 2147483647;
			files = (
				85D810C81DC280C200FB4286 /* SquareRegisterSDK.framework in Frameworks */,
				65588757FD3D0B8796C99BCF /* Pods_HelloCharge.framework in Frameworks */,
			);
			runOnlyForDeploymentPostprocessing = 0;
		};
		9CE9D8471D95D81F00ACB62E /* Frameworks */ = {
			isa = PBXFrameworksBuildPhase;
			buildActionMask = 2147483647;
			files = (
				F38084A1C73362FCF9C7FC80 /* Pods_HelloCharge_Swift.framework in Frameworks */,
			);
			runOnlyForDeploymentPostprocessing = 0;
		};
		D368EE49185855D700180B41 /* Frameworks */ = {
			isa = PBXFrameworksBuildPhase;
			buildActionMask = 2147483647;
			files = (
				D32DAFE0185C0CF900EB5572 /* CoreData.framework in Frameworks */,
				D368EE4F185855D700180B41 /* Foundation.framework in Frameworks */,
				D32DAFE3185C0D2F00EB5572 /* UIKit.framework in Frameworks */,
				3E0592448BFF7C4AC0D4F73C /* Pods_SquareRegisterSDK_Tests.framework in Frameworks */,
			);
			runOnlyForDeploymentPostprocessing = 0;
		};
/* End PBXFrameworksBuildPhase section */

/* Begin PBXGroup section */
		0A02640617B027A2008E22F5 = {
			isa = PBXGroup;
			children = (
				9C655C1F1DA2D5D0000F94C3 /* SquareRegisterSDK.framework */,
				D368EE52185855D700180B41 /* SquareRegisterSDK Tests */,
				9C98F4631D9472F50078FED4 /* HelloCharge */,
				9CE9D84B1D95D81F00ACB62E /* HelloCharge-Swift */,
				0A02641117B027A2008E22F5 /* Frameworks */,
				0A02641017B027A2008E22F5 /* Products */,
				FB6607806952E7B45DCBCE3C /* Pods */,
			);
			sourceTree = "<group>";
		};
		0A02641017B027A2008E22F5 /* Products */ = {
			isa = PBXGroup;
			children = (
				D368EE4C185855D700180B41 /* SquareRegisterSDK Tests.xctest */,
				9C98F4621D9472F50078FED4 /* HelloCharge.app */,
				9CE9D84A1D95D81F00ACB62E /* HelloCharge-Swift.app */,
			);
			name = Products;
			sourceTree = "<group>";
		};
		0A02641117B027A2008E22F5 /* Frameworks */ = {
			isa = PBXGroup;
			children = (
				85D810C71DC280C200FB4286 /* SquareRegisterSDK.framework */,
				9CE9D8641D95D98C00ACB62E /* HelloCharge-Swift-Bridging-Header.h */,
				7F68204B1D249A2700ACB51A /* libOCMock.a */,
				0A02646E17B02E50008E22F5 /* CoreData.framework */,
				D32DB01B185C1FD700EB5572 /* CoreGraphics.framework */,
				0A02641217B027A2008E22F5 /* Foundation.framework */,
				D368EE4D185855D700180B41 /* XCTest.framework */,
				D32DAFE1185C0D2300EB5572 /* UIKit.framework */,
				F4F9857FFD5D8B7513A0B06C /* libPods-SquareRegisterSDK Test App.a */,
				0C51AD265558A4FDD6491C55 /* libPods-SquareRegisterSDK-Test-App-Swift.a */,
				CA2135BF5C72737CD2FD7420 /* Pods_SquareRegisterSDK_Tests.framework */,
				B84D61797940709E0BC8B7A8 /* Pods_HelloCharge.framework */,
				5E679D35337DD3F8373EA5EC /* Pods_HelloCharge_Swift.framework */,
			);
			name = Frameworks;
			sourceTree = "<group>";
		};
		9C98F4631D9472F50078FED4 /* HelloCharge */ = {
			isa = PBXGroup;
			children = (
				9C98F4671D9472F50078FED4 /* HelloChargeAppDelegate.h */,
				9C98F4681D9472F50078FED4 /* HelloChargeAppDelegate.m */,
				9C98F4791D947D690078FED4 /* HelloChargeTableViewController.h */,
				9C98F47A1D947D690078FED4 /* HelloChargeTableViewController.m */,
				9C98F46D1D9472F50078FED4 /* HelloCharge.storyboard */,
				9C98F4701D9472F50078FED4 /* Assets.xcassets */,
				9C98F4721D9472F50078FED4 /* LaunchScreen.storyboard */,
				9C98F4751D9472F50078FED4 /* HelloCharge-Info.plist */,
				9C98F4641D9472F50078FED4 /* Supporting Files */,
			);
			path = HelloCharge;
			sourceTree = "<group>";
		};
		9C98F4641D9472F50078FED4 /* Supporting Files */ = {
			isa = PBXGroup;
			children = (
				9C98F4651D9472F50078FED4 /* main.m */,
			);
			name = "Supporting Files";
			sourceTree = "<group>";
		};
		9CE9D84B1D95D81F00ACB62E /* HelloCharge-Swift */ = {
			isa = PBXGroup;
			children = (
				85A6FF401DCBEEE90023D15F /* HelloCharge-Swift.storyboard */,
				9CE9D86E1D95ECE600ACB62E /* LaunchScreen.storyboard */,
				9CE9D84C1D95D82000ACB62E /* HelloChargeSwiftAppDelegate.swift */,
				9CE9D8621D95D8AE00ACB62E /* HelloChargeSwiftTableViewController.swift */,
				9CE9D8571D95D82100ACB62E /* Assets.xcassets */,
				9CE9D85C1D95D82100ACB62E /* HelloCharge-Swift-Info.plist */,
				9CE9D86C1D95DBF500ACB62E /* HelloCharge-Swift-Bridging-Header.h */,
			);
			path = "HelloCharge-Swift";
			sourceTree = "<group>";
		};
		D368EE52185855D700180B41 /* SquareRegisterSDK Tests */ = {
			isa = PBXGroup;
			children = (
				D368EF2318585CBC00180B41 /* Base Test Classes */,
				D368EF2418585CC800180B41 /* Tests */,
				D373DF42185C2468006BAFB3 /* Other */,
			);
			path = "SquareRegisterSDK Tests";
			sourceTree = "<group>";
		};
		D368EF2318585CBC00180B41 /* Base Test Classes */ = {
			isa = PBXGroup;
			children = (
				D368EF7A185C071400180B41 /* SCCTestCase.h */,
				D368EF7B185C071400180B41 /* SCCTestCase.m */,
			);
			name = "Base Test Classes";
			sourceTree = "<group>";
		};
		D368EF2418585CC800180B41 /* Tests */ = {
			isa = PBXGroup;
			children = (
				8D5B8D751C89112600517590 /* SquareRegisterSDK Tests-Bridging-Header.h */,
				8DB9208B1C8E687E00AAD8CC /* SCCAPIConnectionTests.m */,
				8D5B8D761C89112600517590 /* SCCMoneyTests.swift */,
				8DB920851C8E3E6900AAD8CC /* SCCAPIRequestTests.swift */,
				85EEDAAD1BA261C7009B8340 /* SCCAPIResponseTests.swift */,
				9CD870A81D80D11E009FCDF1 /* NSError+SCCAPIAdditionsTests.swift */,
			);
			name = Tests;
			sourceTree = "<group>";
		};
		D373DF42185C2468006BAFB3 /* Other */ = {
			isa = PBXGroup;
			children = (
				D373DF43185C2468006BAFB3 /* InfoPlist.strings */,
				D373DF45185C2468006BAFB3 /* SquareRegisterSDK Tests-Info.plist */,
			);
			path = Other;
			sourceTree = "<group>";
		};
		FB6607806952E7B45DCBCE3C /* Pods */ = {
			isa = PBXGroup;
			children = (
				F170F785F7C6ABEEFB107B55 /* Pods-SquareRegisterSDK Tests.debug.xcconfig */,
				266852125415334F831385A0 /* Pods-SquareRegisterSDK Tests.release.xcconfig */,
				F4683E44AD7DEF2A91B089A6 /* Pods-HelloCharge.debug.xcconfig */,
				0A74A1F68AF56B5107CA38E2 /* Pods-HelloCharge.release.xcconfig */,
				0D4E615E282ACFD54E47750D /* Pods-HelloCharge-Swift.debug.xcconfig */,
				008778C942D881A3E18C2E5B /* Pods-HelloCharge-Swift.release.xcconfig */,
			);
			name = Pods;
			sourceTree = "<group>";
		};
/* End PBXGroup section */

/* Begin PBXNativeTarget section */
		9C98F4611D9472F50078FED4 /* HelloCharge */ = {
			isa = PBXNativeTarget;
			buildConfigurationList = 9C98F4781D9472F50078FED4 /* Build configuration list for PBXNativeTarget "HelloCharge" */;
			buildPhases = (
				19E0397228E290535B10AF82 /* [CP] Check Pods Manifest.lock */,
				9C98F45E1D9472F50078FED4 /* Sources */,
				9C98F45F1D9472F50078FED4 /* Frameworks */,
				9C98F4601D9472F50078FED4 /* Resources */,
				405037E00A2B11FCC33B7AB7 /* [CP] Embed Pods Frameworks */,
				58F9844E2992DCA62C056D4D /* [CP] Copy Pods Resources */,
			);
			buildRules = (
			);
			dependencies = (
			);
			name = HelloCharge;
			productName = HelloCharge;
			productReference = 9C98F4621D9472F50078FED4 /* HelloCharge.app */;
			productType = "com.apple.product-type.application";
		};
		9CE9D8491D95D81F00ACB62E /* HelloCharge-Swift */ = {
			isa = PBXNativeTarget;
			buildConfigurationList = 9CE9D85D1D95D82100ACB62E /* Build configuration list for PBXNativeTarget "HelloCharge-Swift" */;
			buildPhases = (
				ABA800F80196966AED48404F /* [CP] Check Pods Manifest.lock */,
				9CE9D8461D95D81F00ACB62E /* Sources */,
				9CE9D8471D95D81F00ACB62E /* Frameworks */,
				9CE9D8481D95D81F00ACB62E /* Resources */,
				8B650F24CC144E65FC9CB008 /* [CP] Embed Pods Frameworks */,
				F78F6A2347A6B9B62E7AF4EA /* [CP] Copy Pods Resources */,
			);
			buildRules = (
			);
			dependencies = (
			);
			name = "HelloCharge-Swift";
			productName = "HelloCharge-Swift";
			productReference = 9CE9D84A1D95D81F00ACB62E /* HelloCharge-Swift.app */;
			productType = "com.apple.product-type.application";
		};
		D368EE4B185855D700180B41 /* SquareRegisterSDK Tests */ = {
			isa = PBXNativeTarget;
			buildConfigurationList = D368EE61185855D700180B41 /* Build configuration list for PBXNativeTarget "SquareRegisterSDK Tests" */;
			buildPhases = (
				7CD89D0E46FAE6C8930AFAE3 /* [CP] Check Pods Manifest.lock */,
				4F517CD3AF2025A72D83AAF1 /* [CP] Check Pods Manifest.lock */,
				D79DFB720572C12C05ED62E0 /* 📦 Check Pods Manifest.lock */,
				D368EE48185855D700180B41 /* Sources */,
				D368EE49185855D700180B41 /* Frameworks */,
				D368EE4A185855D700180B41 /* Resources */,
				6BF515D1AF9828F2DD4E73AB /* [CP] Embed Pods Frameworks */,
				8CDFF1FAF1AEC8E6333DA83D /* [CP] Copy Pods Resources */,
				3751129E61C14F0C4F5F77A9 /* Embed Pods Frameworks */,
				495E32D01A05972073C97F62 /* Copy Pods Resources */,
			);
			buildRules = (
			);
			dependencies = (
				9C8BE1361DA45D9600DCEC9E /* PBXTargetDependency */,
			);
			name = "SquareRegisterSDK Tests";
			productName = "SquareRegisterSDK Tests";
			productReference = D368EE4C185855D700180B41 /* SquareRegisterSDK Tests.xctest */;
			productType = "com.apple.product-type.bundle.unit-test";
		};
/* End PBXNativeTarget section */

/* Begin PBXProject section */
		0A02640717B027A2008E22F5 /* Project object */ = {
			isa = PBXProject;
			attributes = {
				CLASSPREFIX = SC;
				LastSwiftUpdateCheck = 0730;
				LastUpgradeCheck = 0800;
				ORGANIZATIONNAME = "Square, Inc.";
				TargetAttributes = {
					9C98F4611D9472F50078FED4 = {
						CreatedOnToolsVersion = 7.3.1;
						DevelopmentTeam = N9J683Q354;
					};
					9CE9D8491D95D81F00ACB62E = {
						CreatedOnToolsVersion = 7.3.1;
						DevelopmentTeam = N9J683Q354;
						LastSwiftMigration = 0800;
					};
					D368EE4B185855D700180B41 = {
						DevelopmentTeam = N9J683Q354;
						LastSwiftMigration = 0800;
						TestTargetID = 9CE9D8491D95D81F00ACB62E;
					};
				};
			};
			buildConfigurationList = 0A02640A17B027A2008E22F5 /* Build configuration list for PBXProject "SquareRegisterSDK Tests" */;
			compatibilityVersion = "Xcode 3.2";
			developmentRegion = English;
			hasScannedForEncodings = 0;
			knownRegions = (
				en,
				Base,
			);
			mainGroup = 0A02640617B027A2008E22F5;
			productRefGroup = 0A02641017B027A2008E22F5 /* Products */;
			projectDirPath = "";
			projectRoot = "";
			targets = (
				D368EE4B185855D700180B41 /* SquareRegisterSDK Tests */,
				9C98F4611D9472F50078FED4 /* HelloCharge */,
				9CE9D8491D95D81F00ACB62E /* HelloCharge-Swift */,
			);
		};
/* End PBXProject section */

/* Begin PBXResourcesBuildPhase section */
		9C98F4601D9472F50078FED4 /* Resources */ = {
			isa = PBXResourcesBuildPhase;
			buildActionMask = 2147483647;
			files = (
				9C98F4741D9472F50078FED4 /* LaunchScreen.storyboard in Resources */,
				9C98F4711D9472F50078FED4 /* Assets.xcassets in Resources */,
				9C98F46F1D9472F50078FED4 /* HelloCharge.storyboard in Resources */,
			);
			runOnlyForDeploymentPostprocessing = 0;
		};
		9CE9D8481D95D81F00ACB62E /* Resources */ = {
			isa = PBXResourcesBuildPhase;
			buildActionMask = 2147483647;
			files = (
				9CE9D8721D95ECE600ACB62E /* LaunchScreen.storyboard in Resources */,
				85A6FF421DCBEEE90023D15F /* HelloCharge-Swift.storyboard in Resources */,
				9CE9D8581D95D82100ACB62E /* Assets.xcassets in Resources */,
			);
			runOnlyForDeploymentPostprocessing = 0;
		};
		D368EE4A185855D700180B41 /* Resources */ = {
			isa = PBXResourcesBuildPhase;
			buildActionMask = 2147483647;
			files = (
				D373DF47185C2468006BAFB3 /* InfoPlist.strings in Resources */,
			);
			runOnlyForDeploymentPostprocessing = 0;
		};
/* End PBXResourcesBuildPhase section */

/* Begin PBXShellScriptBuildPhase section */
		19E0397228E290535B10AF82 /* [CP] Check Pods Manifest.lock */ = {
			isa = PBXShellScriptBuildPhase;
			buildActionMask = 2147483647;
			files = (
			);
			inputPaths = (
			);
			name = "[CP] Check Pods Manifest.lock";
			outputPaths = (
			);
			runOnlyForDeploymentPostprocessing = 0;
			shellPath = /bin/sh;
			shellScript = "diff \"${PODS_ROOT}/../Podfile.lock\" \"${PODS_ROOT}/Manifest.lock\" > /dev/null\nif [ $? != 0 ] ; then\n    # print error to STDERR\n    echo \"error: The sandbox is not in sync with the Podfile.lock. Run 'pod install' or update your CocoaPods installation.\" >&2\n    exit 1\nfi\n";
			showEnvVarsInLog = 0;
		};
		3751129E61C14F0C4F5F77A9 /* Embed Pods Frameworks */ = {
			isa = PBXShellScriptBuildPhase;
			buildActionMask = 2147483647;
			files = (
			);
			inputPaths = (
			);
			name = "Embed Pods Frameworks";
			outputPaths = (
			);
			runOnlyForDeploymentPostprocessing = 0;
			shellPath = /bin/sh;
			shellScript = "\"${SRCROOT}/Pods/Target Support Files/Pods-SquareRegisterSDK Tests/Pods-SquareRegisterSDK Tests-frameworks.sh\"\n";
			showEnvVarsInLog = 0;
		};
		405037E00A2B11FCC33B7AB7 /* [CP] Embed Pods Frameworks */ = {
			isa = PBXShellScriptBuildPhase;
			buildActionMask = 2147483647;
			files = (
			);
			inputPaths = (
			);
			name = "[CP] Embed Pods Frameworks";
			outputPaths = (
			);
			runOnlyForDeploymentPostprocessing = 0;
			shellPath = /bin/sh;
			shellScript = "\"${SRCROOT}/Pods/Target Support Files/Pods-HelloCharge/Pods-HelloCharge-frameworks.sh\"\n";
			showEnvVarsInLog = 0;
		};
		495E32D01A05972073C97F62 /* Copy Pods Resources */ = {
			isa = PBXShellScriptBuildPhase;
			buildActionMask = 2147483647;
			files = (
			);
			inputPaths = (
			);
			name = "Copy Pods Resources";
			outputPaths = (
			);
			runOnlyForDeploymentPostprocessing = 0;
			shellPath = /bin/sh;
			shellScript = "\"${SRCROOT}/Pods/Target Support Files/Pods-SquareRegisterSDK Tests/Pods-SquareRegisterSDK Tests-resources.sh\"\n";
			showEnvVarsInLog = 0;
		};
		4F517CD3AF2025A72D83AAF1 /* [CP] Check Pods Manifest.lock */ = {
			isa = PBXShellScriptBuildPhase;
			buildActionMask = 2147483647;
			files = (
			);
			inputPaths = (
			);
			name = "[CP] Check Pods Manifest.lock";
			outputPaths = (
			);
			runOnlyForDeploymentPostprocessing = 0;
			shellPath = /bin/sh;
			shellScript = "diff \"${PODS_ROOT}/../Podfile.lock\" \"${PODS_ROOT}/Manifest.lock\" > /dev/null\nif [[ $? != 0 ]] ; then\n    cat << EOM\nerror: The sandbox is not in sync with the Podfile.lock. Run 'pod install' or update your CocoaPods installation.\nEOM\n    exit 1\nfi\n";
			showEnvVarsInLog = 0;
		};
		58F9844E2992DCA62C056D4D /* [CP] Copy Pods Resources */ = {
			isa = PBXShellScriptBuildPhase;
			buildActionMask = 2147483647;
			files = (
			);
			inputPaths = (
			);
			name = "[CP] Copy Pods Resources";
			outputPaths = (
			);
			runOnlyForDeploymentPostprocessing = 0;
			shellPath = /bin/sh;
			shellScript = "\"${SRCROOT}/Pods/Target Support Files/Pods-HelloCharge/Pods-HelloCharge-resources.sh\"\n";
			showEnvVarsInLog = 0;
		};
		6BF515D1AF9828F2DD4E73AB /* [CP] Embed Pods Frameworks */ = {
			isa = PBXShellScriptBuildPhase;
			buildActionMask = 2147483647;
			files = (
			);
			inputPaths = (
			);
			name = "[CP] Embed Pods Frameworks";
			outputPaths = (
			);
			runOnlyForDeploymentPostprocessing = 0;
			shellPath = /bin/sh;
			shellScript = "\"${SRCROOT}/Pods/Target Support Files/Pods-SquareRegisterSDK Tests/Pods-SquareRegisterSDK Tests-frameworks.sh\"\n";
			showEnvVarsInLog = 0;
		};
		7CD89D0E46FAE6C8930AFAE3 /* [CP] Check Pods Manifest.lock */ = {
			isa = PBXShellScriptBuildPhase;
			buildActionMask = 2147483647;
			files = (
			);
			inputPaths = (
			);
			name = "[CP] Check Pods Manifest.lock";
			outputPaths = (
			);
			runOnlyForDeploymentPostprocessing = 0;
			shellPath = /bin/sh;
			shellScript = "diff \"${PODS_ROOT}/../Podfile.lock\" \"${PODS_ROOT}/Manifest.lock\" > /dev/null\nif [ $? != 0 ] ; then\n    # print error to STDERR\n    echo \"error: The sandbox is not in sync with the Podfile.lock. Run 'pod install' or update your CocoaPods installation.\" >&2\n    exit 1\nfi\n";
			showEnvVarsInLog = 0;
		};
		8B650F24CC144E65FC9CB008 /* [CP] Embed Pods Frameworks */ = {
			isa = PBXShellScriptBuildPhase;
			buildActionMask = 2147483647;
			files = (
			);
			inputPaths = (
			);
			name = "[CP] Embed Pods Frameworks";
			outputPaths = (
			);
			runOnlyForDeploymentPostprocessing = 0;
			shellPath = /bin/sh;
			shellScript = "\"${SRCROOT}/Pods/Target Support Files/Pods-HelloCharge-Swift/Pods-HelloCharge-Swift-frameworks.sh\"\n";
			showEnvVarsInLog = 0;
		};
		8CDFF1FAF1AEC8E6333DA83D /* [CP] Copy Pods Resources */ = {
			isa = PBXShellScriptBuildPhase;
			buildActionMask = 2147483647;
			files = (
			);
			inputPaths = (
			);
			name = "[CP] Copy Pods Resources";
			outputPaths = (
			);
			runOnlyForDeploymentPostprocessing = 0;
			shellPath = /bin/sh;
			shellScript = "\"${SRCROOT}/Pods/Target Support Files/Pods-SquareRegisterSDK Tests/Pods-SquareRegisterSDK Tests-resources.sh\"\n";
			showEnvVarsInLog = 0;
		};
		ABA800F80196966AED48404F /* [CP] Check Pods Manifest.lock */ = {
			isa = PBXShellScriptBuildPhase;
			buildActionMask = 2147483647;
			files = (
			);
			inputPaths = (
			);
			name = "[CP] Check Pods Manifest.lock";
			outputPaths = (
			);
			runOnlyForDeploymentPostprocessing = 0;
			shellPath = /bin/sh;
			shellScript = "diff \"${PODS_ROOT}/../Podfile.lock\" \"${PODS_ROOT}/Manifest.lock\" > /dev/null\nif [ $? != 0 ] ; then\n    # print error to STDERR\n    echo \"error: The sandbox is not in sync with the Podfile.lock. Run 'pod install' or update your CocoaPods installation.\" >&2\n    exit 1\nfi\n";
			showEnvVarsInLog = 0;
		};
		D79DFB720572C12C05ED62E0 /* 📦 Check Pods Manifest.lock */ = {
			isa = PBXShellScriptBuildPhase;
			buildActionMask = 2147483647;
			files = (
			);
			inputPaths = (
			);
			name = "📦 Check Pods Manifest.lock";
			outputPaths = (
			);
			runOnlyForDeploymentPostprocessing = 0;
			shellPath = /bin/sh;
			shellScript = "diff \"${PODS_ROOT}/../Podfile.lock\" \"${PODS_ROOT}/Manifest.lock\" > /dev/null\nif [[ $? != 0 ]] ; then\n    cat << EOM\nerror: The sandbox is not in sync with the Podfile.lock. Run 'pod install' or update your CocoaPods installation.\nEOM\n    exit 1\nfi\n";
			showEnvVarsInLog = 0;
		};
		F78F6A2347A6B9B62E7AF4EA /* [CP] Copy Pods Resources */ = {
			isa = PBXShellScriptBuildPhase;
			buildActionMask = 2147483647;
			files = (
			);
			inputPaths = (
			);
			name = "[CP] Copy Pods Resources";
			outputPaths = (
			);
			runOnlyForDeploymentPostprocessing = 0;
			shellPath = /bin/sh;
			shellScript = "\"${SRCROOT}/Pods/Target Support Files/Pods-HelloCharge-Swift/Pods-HelloCharge-Swift-resources.sh\"\n";
			showEnvVarsInLog = 0;
		};
/* End PBXShellScriptBuildPhase section */

/* Begin PBXSourcesBuildPhase section */
		9C98F45E1D9472F50078FED4 /* Sources */ = {
			isa = PBXSourcesBuildPhase;
			buildActionMask = 2147483647;
			files = (
				9C98F4691D9472F50078FED4 /* HelloChargeAppDelegate.m in Sources */,
				9C98F4661D9472F50078FED4 /* main.m in Sources */,
				9C98F47B1D947D690078FED4 /* HelloChargeTableViewController.m in Sources */,
			);
			runOnlyForDeploymentPostprocessing = 0;
		};
		9CE9D8461D95D81F00ACB62E /* Sources */ = {
			isa = PBXSourcesBuildPhase;
			buildActionMask = 2147483647;
			files = (
				9CE9D8631D95D8AE00ACB62E /* HelloChargeSwiftTableViewController.swift in Sources */,
				9CE9D84D1D95D82000ACB62E /* HelloChargeSwiftAppDelegate.swift in Sources */,
			);
			runOnlyForDeploymentPostprocessing = 0;
		};
		D368EE48185855D700180B41 /* Sources */ = {
			isa = PBXSourcesBuildPhase;
			buildActionMask = 2147483647;
			files = (
				9CD870A91D80D11E009FCDF1 /* NSError+SCCAPIAdditionsTests.swift in Sources */,
				D368EF7C185C071400180B41 /* SCCTestCase.m in Sources */,
				8DB920861C8E3E6900AAD8CC /* SCCAPIRequestTests.swift in Sources */,
				85EEDAAE1BA261C7009B8340 /* SCCAPIResponseTests.swift in Sources */,
				8DB9208C1C8E687E00AAD8CC /* SCCAPIConnectionTests.m in Sources */,
				8D5B8D771C89112600517590 /* SCCMoneyTests.swift in Sources */,
			);
			runOnlyForDeploymentPostprocessing = 0;
		};
/* End PBXSourcesBuildPhase section */

/* Begin PBXTargetDependency section */
		9C8BE1361DA45D9600DCEC9E /* PBXTargetDependency */ = {
			isa = PBXTargetDependency;
			target = 9CE9D8491D95D81F00ACB62E /* HelloCharge-Swift */;
			targetProxy = 9C8BE1351DA45D9600DCEC9E /* PBXContainerItemProxy */;
		};
/* End PBXTargetDependency section */

/* Begin PBXVariantGroup section */
		85A6FF401DCBEEE90023D15F /* HelloCharge-Swift.storyboard */ = {
			isa = PBXVariantGroup;
			children = (
				85A6FF411DCBEEE90023D15F /* Base */,
			);
			name = "HelloCharge-Swift.storyboard";
			sourceTree = "<group>";
		};
		9C98F46D1D9472F50078FED4 /* HelloCharge.storyboard */ = {
			isa = PBXVariantGroup;
			children = (
				9C98F46E1D9472F50078FED4 /* Base */,
			);
			name = HelloCharge.storyboard;
			sourceTree = "<group>";
		};
		9C98F4721D9472F50078FED4 /* LaunchScreen.storyboard */ = {
			isa = PBXVariantGroup;
			children = (
				9C98F4731D9472F50078FED4 /* Base */,
			);
			name = LaunchScreen.storyboard;
			sourceTree = "<group>";
		};
		9CE9D86E1D95ECE600ACB62E /* LaunchScreen.storyboard */ = {
			isa = PBXVariantGroup;
			children = (
				9CE9D86F1D95ECE600ACB62E /* Base */,
			);
			name = LaunchScreen.storyboard;
			sourceTree = "<group>";
		};
		D373DF43185C2468006BAFB3 /* InfoPlist.strings */ = {
			isa = PBXVariantGroup;
			children = (
				D373DF44185C2468006BAFB3 /* en */,
			);
			name = InfoPlist.strings;
			sourceTree = "<group>";
		};
/* End PBXVariantGroup section */

/* Begin XCBuildConfiguration section */
		0A02641B17B027A2008E22F5 /* Debug */ = {
			isa = XCBuildConfiguration;
			buildSettings = {
				ALWAYS_SEARCH_USER_PATHS = NO;
				CLANG_CXX_LANGUAGE_STANDARD = "gnu++0x";
				CLANG_CXX_LIBRARY = "libc++";
				CLANG_ENABLE_MODULES = YES;
				CLANG_ENABLE_OBJC_ARC = YES;
				CLANG_WARN_BOOL_CONVERSION = YES;
				CLANG_WARN_CONSTANT_CONVERSION = YES;
				CLANG_WARN_DEPRECATED_OBJC_IMPLEMENTATIONS = YES;
				CLANG_WARN_DOCUMENTATION_COMMENTS = YES;
				CLANG_WARN_EMPTY_BODY = YES;
				CLANG_WARN_ENUM_CONVERSION = YES;
				CLANG_WARN_INFINITE_RECURSION = YES;
				CLANG_WARN_INT_CONVERSION = YES;
				CLANG_WARN_OBJC_IMPLICIT_ATOMIC_PROPERTIES = YES;
				CLANG_WARN_OBJC_REPEATED_USE_OF_WEAK = YES;
				CLANG_WARN_SUSPICIOUS_MOVE = YES;
				CLANG_WARN_UNREACHABLE_CODE = YES;
				CLANG_WARN__DUPLICATE_METHOD_MATCH = YES;
				COPY_PHASE_STRIP = NO;
				ENABLE_BITCODE = NO;
				ENABLE_STRICT_OBJC_MSGSEND = YES;
				ENABLE_TESTABILITY = YES;
				GCC_C_LANGUAGE_STANDARD = gnu99;
				GCC_DYNAMIC_NO_PIC = NO;
				GCC_NO_COMMON_BLOCKS = YES;
				GCC_OPTIMIZATION_LEVEL = 0;
				GCC_PREPROCESSOR_DEFINITIONS = (
					"DEBUG=1",
					"DEBUG_MENU=1",
					"$(inherited)",
				);
				GCC_SYMBOLS_PRIVATE_EXTERN = NO;
				GCC_TREAT_WARNINGS_AS_ERRORS = YES;
				GCC_WARN_64_TO_32_BIT_CONVERSION = YES;
				GCC_WARN_ABOUT_MISSING_FIELD_INITIALIZERS = YES;
				GCC_WARN_ABOUT_MISSING_NEWLINE = YES;
				GCC_WARN_ABOUT_RETURN_TYPE = YES;
				GCC_WARN_INITIALIZER_NOT_FULLY_BRACKETED = YES;
				GCC_WARN_SIGN_COMPARE = NO;
				GCC_WARN_UNDECLARED_SELECTOR = YES;
				GCC_WARN_UNINITIALIZED_AUTOS = YES;
				GCC_WARN_UNUSED_FUNCTION = YES;
				GCC_WARN_UNUSED_VARIABLE = YES;
				HEADER_SEARCH_PATHS = (
					"\"$(OBJROOT)/UninstalledProducts/include\"",
					"$(inherited)",
				);
				IPHONEOS_DEPLOYMENT_TARGET = 8.0;
				ONLY_ACTIVE_ARCH = YES;
				RUN_CLANG_STATIC_ANALYZER = YES;
				SDKROOT = iphoneos;
				SWIFT_VERSION = 3.0;
			};
			name = Debug;
		};
		0A02641C17B027A2008E22F5 /* Release */ = {
			isa = XCBuildConfiguration;
			buildSettings = {
				ALWAYS_SEARCH_USER_PATHS = NO;
				CLANG_CXX_LANGUAGE_STANDARD = "gnu++0x";
				CLANG_CXX_LIBRARY = "libc++";
				CLANG_ENABLE_MODULES = YES;
				CLANG_ENABLE_OBJC_ARC = YES;
				CLANG_WARN_BOOL_CONVERSION = YES;
				CLANG_WARN_CONSTANT_CONVERSION = YES;
				CLANG_WARN_DEPRECATED_OBJC_IMPLEMENTATIONS = YES;
				CLANG_WARN_DOCUMENTATION_COMMENTS = YES;
				CLANG_WARN_EMPTY_BODY = YES;
				CLANG_WARN_ENUM_CONVERSION = YES;
				CLANG_WARN_INFINITE_RECURSION = YES;
				CLANG_WARN_INT_CONVERSION = YES;
				CLANG_WARN_OBJC_IMPLICIT_ATOMIC_PROPERTIES = YES;
				CLANG_WARN_OBJC_REPEATED_USE_OF_WEAK = YES;
				CLANG_WARN_SUSPICIOUS_MOVE = YES;
				CLANG_WARN_UNREACHABLE_CODE = YES;
				CLANG_WARN__DUPLICATE_METHOD_MATCH = YES;
				COPY_PHASE_STRIP = YES;
				ENABLE_BITCODE = NO;
				ENABLE_STRICT_OBJC_MSGSEND = YES;
				GCC_C_LANGUAGE_STANDARD = gnu99;
				GCC_NO_COMMON_BLOCKS = YES;
				GCC_PREPROCESSOR_DEFINITIONS = (
					"APP_STORE=1",
					NDEBUG,
				);
				GCC_TREAT_WARNINGS_AS_ERRORS = YES;
				GCC_WARN_64_TO_32_BIT_CONVERSION = YES;
				GCC_WARN_ABOUT_MISSING_FIELD_INITIALIZERS = YES;
				GCC_WARN_ABOUT_MISSING_NEWLINE = YES;
				GCC_WARN_ABOUT_RETURN_TYPE = YES;
				GCC_WARN_INITIALIZER_NOT_FULLY_BRACKETED = YES;
				GCC_WARN_SIGN_COMPARE = NO;
				GCC_WARN_UNDECLARED_SELECTOR = YES;
				GCC_WARN_UNINITIALIZED_AUTOS = YES;
				GCC_WARN_UNUSED_FUNCTION = YES;
				GCC_WARN_UNUSED_VARIABLE = YES;
				HEADER_SEARCH_PATHS = (
					"\"$(OBJROOT)/UninstalledProducts/include\"",
					"$(inherited)",
				);
				IPHONEOS_DEPLOYMENT_TARGET = 8.0;
				ONLY_ACTIVE_ARCH = NO;
				RUN_CLANG_STATIC_ANALYZER = YES;
				SDKROOT = iphoneos;
				SWIFT_OPTIMIZATION_LEVEL = "-Owholemodule";
				SWIFT_VERSION = 3.0;
				VALIDATE_PRODUCT = YES;
			};
			name = Release;
		};
		9C98F4761D9472F50078FED4 /* Debug */ = {
			isa = XCBuildConfiguration;
			baseConfigurationReference = F4683E44AD7DEF2A91B089A6 /* Pods-HelloCharge.debug.xcconfig */;
			buildSettings = {
				ASSETCATALOG_COMPILER_APPICON_NAME = AppIcon;
				CLANG_ANALYZER_NONNULL = YES;
				CLANG_WARN_BOOL_CONVERSION = YES;
				CLANG_WARN_DIRECT_OBJC_ISA_USAGE = YES_ERROR;
				CLANG_WARN_OBJC_ROOT_CLASS = YES_ERROR;
				CLANG_WARN_UNREACHABLE_CODE = YES;
				"CODE_SIGN_IDENTITY[sdk=iphoneos*]" = "iPhone Developer";
				DEBUG_INFORMATION_FORMAT = dwarf;
				ENABLE_STRICT_OBJC_MSGSEND = YES;
				GCC_NO_COMMON_BLOCKS = YES;
				GCC_PREPROCESSOR_DEFINITIONS = (
					"DEBUG=1",
					"$(inherited)",
				);
				GCC_WARN_64_TO_32_BIT_CONVERSION = YES;
				GCC_WARN_ABOUT_RETURN_TYPE = YES_ERROR;
				GCC_WARN_UNINITIALIZED_AUTOS = YES_AGGRESSIVE;
				GCC_WARN_UNUSED_FUNCTION = YES;
				INFOPLIST_FILE = "HelloCharge/HelloCharge-Info.plist";
				IPHONEOS_DEPLOYMENT_TARGET = 9.0;
				LD_RUNPATH_SEARCH_PATHS = "$(inherited) @executable_path/Frameworks";
				MTL_ENABLE_DEBUG_INFO = YES;
				PRODUCT_BUNDLE_IDENTIFIER = com.squareup.HelloCharge;
				PRODUCT_NAME = "$(TARGET_NAME)";
				TARGETED_DEVICE_FAMILY = "1,2";
			};
			name = Debug;
		};
		9C98F4771D9472F50078FED4 /* Release */ = {
			isa = XCBuildConfiguration;
			baseConfigurationReference = 0A74A1F68AF56B5107CA38E2 /* Pods-HelloCharge.release.xcconfig */;
			buildSettings = {
				ASSETCATALOG_COMPILER_APPICON_NAME = AppIcon;
				CLANG_ANALYZER_NONNULL = YES;
				CLANG_WARN_BOOL_CONVERSION = YES;
				CLANG_WARN_DIRECT_OBJC_ISA_USAGE = YES_ERROR;
				CLANG_WARN_OBJC_ROOT_CLASS = YES_ERROR;
				CLANG_WARN_UNREACHABLE_CODE = YES;
				"CODE_SIGN_IDENTITY[sdk=iphoneos*]" = "iPhone Developer";
				COPY_PHASE_STRIP = NO;
				DEBUG_INFORMATION_FORMAT = "dwarf-with-dsym";
				ENABLE_NS_ASSERTIONS = NO;
				ENABLE_STRICT_OBJC_MSGSEND = YES;
				GCC_NO_COMMON_BLOCKS = YES;
				GCC_WARN_64_TO_32_BIT_CONVERSION = YES;
				GCC_WARN_ABOUT_RETURN_TYPE = YES_ERROR;
				GCC_WARN_UNINITIALIZED_AUTOS = YES_AGGRESSIVE;
				GCC_WARN_UNUSED_FUNCTION = YES;
				INFOPLIST_FILE = "HelloCharge/HelloCharge-Info.plist";
				IPHONEOS_DEPLOYMENT_TARGET = 9.0;
				LD_RUNPATH_SEARCH_PATHS = "$(inherited) @executable_path/Frameworks";
				MTL_ENABLE_DEBUG_INFO = NO;
				PRODUCT_BUNDLE_IDENTIFIER = com.squareup.HelloCharge;
				PRODUCT_NAME = "$(TARGET_NAME)";
				TARGETED_DEVICE_FAMILY = "1,2";
			};
			name = Release;
		};
		9CE9D85E1D95D82100ACB62E /* Debug */ = {
			isa = XCBuildConfiguration;
			baseConfigurationReference = 0D4E615E282ACFD54E47750D /* Pods-HelloCharge-Swift.debug.xcconfig */;
			buildSettings = {
				ASSETCATALOG_COMPILER_APPICON_NAME = AppIcon;
				CLANG_ANALYZER_NONNULL = YES;
				CLANG_WARN_BOOL_CONVERSION = YES;
				CLANG_WARN_DIRECT_OBJC_ISA_USAGE = YES_ERROR;
				CLANG_WARN_OBJC_ROOT_CLASS = YES_ERROR;
				CLANG_WARN_UNREACHABLE_CODE = YES;
				"CODE_SIGN_IDENTITY[sdk=iphoneos*]" = "iPhone Developer";
				DEBUG_INFORMATION_FORMAT = dwarf;
				ENABLE_STRICT_OBJC_MSGSEND = YES;
				GCC_NO_COMMON_BLOCKS = YES;
				GCC_PREPROCESSOR_DEFINITIONS = (
					"DEBUG=1",
					"$(inherited)",
				);
				GCC_WARN_64_TO_32_BIT_CONVERSION = YES;
				GCC_WARN_ABOUT_RETURN_TYPE = YES_ERROR;
				GCC_WARN_UNINITIALIZED_AUTOS = YES_AGGRESSIVE;
				GCC_WARN_UNUSED_FUNCTION = YES;
				INFOPLIST_FILE = "HelloCharge-Swift/HelloCharge-Swift-Info.plist";
				IPHONEOS_DEPLOYMENT_TARGET = 9.0;
				LD_RUNPATH_SEARCH_PATHS = "$(inherited) @executable_path/Frameworks";
				MTL_ENABLE_DEBUG_INFO = YES;
				PRODUCT_BUNDLE_IDENTIFIER = "com.squareup.HelloCharge-Swift";
				PRODUCT_NAME = "$(TARGET_NAME)";
				SWIFT_OBJC_BRIDGING_HEADER = "$(PROJECT_DIR)/HelloCharge-Swift/HelloCharge-Swift-Bridging-Header.h";
				SWIFT_OPTIMIZATION_LEVEL = "-Onone";
				SWIFT_VERSION = 3.0;
				TARGETED_DEVICE_FAMILY = "1,2";
			};
			name = Debug;
		};
		9CE9D85F1D95D82100ACB62E /* Release */ = {
			isa = XCBuildConfiguration;
			baseConfigurationReference = 008778C942D881A3E18C2E5B /* Pods-HelloCharge-Swift.release.xcconfig */;
			buildSettings = {
				ASSETCATALOG_COMPILER_APPICON_NAME = AppIcon;
				CLANG_ANALYZER_NONNULL = YES;
				CLANG_WARN_BOOL_CONVERSION = YES;
				CLANG_WARN_DIRECT_OBJC_ISA_USAGE = YES_ERROR;
				CLANG_WARN_OBJC_ROOT_CLASS = YES_ERROR;
				CLANG_WARN_UNREACHABLE_CODE = YES;
				"CODE_SIGN_IDENTITY[sdk=iphoneos*]" = "iPhone Developer";
				COPY_PHASE_STRIP = NO;
				DEBUG_INFORMATION_FORMAT = "dwarf-with-dsym";
				ENABLE_NS_ASSERTIONS = NO;
				ENABLE_STRICT_OBJC_MSGSEND = YES;
				GCC_NO_COMMON_BLOCKS = YES;
				GCC_WARN_64_TO_32_BIT_CONVERSION = YES;
				GCC_WARN_ABOUT_RETURN_TYPE = YES_ERROR;
				GCC_WARN_UNINITIALIZED_AUTOS = YES_AGGRESSIVE;
				GCC_WARN_UNUSED_FUNCTION = YES;
				INFOPLIST_FILE = "HelloCharge-Swift/HelloCharge-Swift-Info.plist";
				IPHONEOS_DEPLOYMENT_TARGET = 9.0;
				LD_RUNPATH_SEARCH_PATHS = "$(inherited) @executable_path/Frameworks";
				MTL_ENABLE_DEBUG_INFO = NO;
				PRODUCT_BUNDLE_IDENTIFIER = "com.squareup.HelloCharge-Swift";
				PRODUCT_NAME = "$(TARGET_NAME)";
				SWIFT_OBJC_BRIDGING_HEADER = "$(PROJECT_DIR)/HelloCharge-Swift/HelloCharge-Swift-Bridging-Header.h";
				SWIFT_VERSION = 3.0;
				TARGETED_DEVICE_FAMILY = "1,2";
			};
			name = Release;
		};
		D368EE5D185855D700180B41 /* Debug */ = {
			isa = XCBuildConfiguration;
			baseConfigurationReference = F170F785F7C6ABEEFB107B55 /* Pods-SquareRegisterSDK Tests.debug.xcconfig */;
			buildSettings = {
				BUNDLE_LOADER = "$(TEST_HOST)";
				CLANG_ENABLE_MODULES = YES;
				CLANG_WARN_BOOL_CONVERSION = YES;
				CLANG_WARN_DIRECT_OBJC_ISA_USAGE = YES_ERROR;
				CLANG_WARN_OBJC_ROOT_CLASS = YES_ERROR;
				FRAMEWORK_SEARCH_PATHS = (
					"$(inherited)",
					"$(DEVELOPER_FRAMEWORKS_DIR)",
				);
				GCC_PREPROCESSOR_DEFINITIONS = (
					"DEBUG=1",
					"$(inherited)",
				);
				GCC_WARN_64_TO_32_BIT_CONVERSION = YES;
				GCC_WARN_ABOUT_RETURN_TYPE = YES_ERROR;
				GCC_WARN_UNUSED_FUNCTION = YES;
				HEADER_SEARCH_PATHS = (
					"$(inherited)",
					"\"${PODS_ROOT}/Headers/Public\"",
					"\"${PODS_ROOT}/Headers/Public/OCMock\"",
					"\"${PODS_ROOT}/Headers/Public/SquareRegisterSDK\"",
					"\"${PODS_ROOT}/Headers/Private/SquareRegisterSDK\"",
				);
				INFOPLIST_FILE = "SquareRegisterSDK Tests/Other/SquareRegisterSDK Tests-Info.plist";
				IPHONEOS_DEPLOYMENT_TARGET = 8.0;
				LD_RUNPATH_SEARCH_PATHS = "$(inherited) @executable_path/Frameworks @loader_path/Frameworks";
				LIBRARY_SEARCH_PATHS = "$(inherited)";
				ONLY_ACTIVE_ARCH = YES;
				OTHER_LDFLAGS = "$(inherited)";
				PRODUCT_BUNDLE_IDENTIFIER = "com.square.${PRODUCT_NAME:rfc1034identifier}";
				PRODUCT_NAME = "$(TARGET_NAME)";
				SWIFT_OBJC_BRIDGING_HEADER = "SquareRegisterSDK Tests/SquareRegisterSDK Tests-Bridging-Header.h";
				SWIFT_OPTIMIZATION_LEVEL = "-Onone";
				SWIFT_VERSION = 3.0;
				TEST_HOST = "$(BUILT_PRODUCTS_DIR)/HelloCharge-Swift.app/HelloCharge-Swift";
				WRAPPER_EXTENSION = xctest;
			};
			name = Debug;
		};
		D368EE60185855D700180B41 /* Release */ = {
			isa = XCBuildConfiguration;
			baseConfigurationReference = 266852125415334F831385A0 /* Pods-SquareRegisterSDK Tests.release.xcconfig */;
			buildSettings = {
				ALWAYS_SEARCH_USER_PATHS = NO;
				BUNDLE_LOADER = "$(TEST_HOST)";
				CLANG_CXX_LANGUAGE_STANDARD = "gnu++0x";
				CLANG_CXX_LIBRARY = "libc++";
				CLANG_ENABLE_MODULES = YES;
				CLANG_ENABLE_OBJC_ARC = YES;
				CLANG_WARN_BOOL_CONVERSION = YES;
				CLANG_WARN_CONSTANT_CONVERSION = YES;
				CLANG_WARN_DIRECT_OBJC_ISA_USAGE = YES_ERROR;
				CLANG_WARN_EMPTY_BODY = YES;
				CLANG_WARN_ENUM_CONVERSION = YES;
				CLANG_WARN_INT_CONVERSION = YES;
				CLANG_WARN_OBJC_ROOT_CLASS = YES_ERROR;
				CLANG_WARN__DUPLICATE_METHOD_MATCH = YES;
				COPY_PHASE_STRIP = YES;
				FRAMEWORK_SEARCH_PATHS = (
					"$(inherited)",
					"$(DEVELOPER_FRAMEWORKS_DIR)",
				);
				GCC_C_LANGUAGE_STANDARD = gnu99;
				GCC_WARN_64_TO_32_BIT_CONVERSION = YES;
				GCC_WARN_ABOUT_RETURN_TYPE = YES_ERROR;
				GCC_WARN_UNDECLARED_SELECTOR = YES;
				GCC_WARN_UNINITIALIZED_AUTOS = YES;
				GCC_WARN_UNUSED_FUNCTION = YES;
				GCC_WARN_UNUSED_VARIABLE = YES;
				HEADER_SEARCH_PATHS = (
					"$(inherited)",
					"\"${PODS_ROOT}/Headers/Public\"",
					"\"${PODS_ROOT}/Headers/Public/OCMock\"",
					"\"${PODS_ROOT}/Headers/Public/SquareRegisterSDK\"",
					"\"${PODS_ROOT}/Headers/Private/SquareRegisterSDK\"",
				);
				INFOPLIST_FILE = "SquareRegisterSDK Tests/Other/SquareRegisterSDK Tests-Info.plist";
				IPHONEOS_DEPLOYMENT_TARGET = 8.0;
				LD_RUNPATH_SEARCH_PATHS = "$(inherited) @executable_path/Frameworks @loader_path/Frameworks";
				LIBRARY_SEARCH_PATHS = "$(inherited)";
				ONLY_ACTIVE_ARCH = NO;
				OTHER_LDFLAGS = "$(inherited)";
				PRODUCT_BUNDLE_IDENTIFIER = "com.square.${PRODUCT_NAME:rfc1034identifier}";
				PRODUCT_NAME = "$(TARGET_NAME)";
				SDKROOT = iphoneos;
				SWIFT_OBJC_BRIDGING_HEADER = "SquareRegisterSDK Tests/SquareRegisterSDK Tests-Bridging-Header.h";
				SWIFT_VERSION = 3.0;
				TEST_HOST = "$(BUILT_PRODUCTS_DIR)/HelloCharge-Swift.app/HelloCharge-Swift";
				VALIDATE_PRODUCT = YES;
				WRAPPER_EXTENSION = xctest;
			};
			name = Release;
		};
/* End XCBuildConfiguration section */

/* Begin XCConfigurationList section */
		0A02640A17B027A2008E22F5 /* Build configuration list for PBXProject "SquareRegisterSDK Tests" */ = {
			isa = XCConfigurationList;
			buildConfigurations = (
				0A02641B17B027A2008E22F5 /* Debug */,
				0A02641C17B027A2008E22F5 /* Release */,
			);
			defaultConfigurationIsVisible = 0;
			defaultConfigurationName = Release;
		};
		9C98F4781D9472F50078FED4 /* Build configuration list for PBXNativeTarget "HelloCharge" */ = {
			isa = XCConfigurationList;
			buildConfigurations = (
				9C98F4761D9472F50078FED4 /* Debug */,
				9C98F4771D9472F50078FED4 /* Release */,
			);
			defaultConfigurationIsVisible = 0;
			defaultConfigurationName = Release;
		};
		9CE9D85D1D95D82100ACB62E /* Build configuration list for PBXNativeTarget "HelloCharge-Swift" */ = {
			isa = XCConfigurationList;
			buildConfigurations = (
				9CE9D85E1D95D82100ACB62E /* Debug */,
				9CE9D85F1D95D82100ACB62E /* Release */,
			);
			defaultConfigurationIsVisible = 0;
			defaultConfigurationName = Release;
		};
		D368EE61185855D700180B41 /* Build configuration list for PBXNativeTarget "SquareRegisterSDK Tests" */ = {
			isa = XCConfigurationList;
			buildConfigurations = (
				D368EE5D185855D700180B41 /* Debug */,
				D368EE60185855D700180B41 /* Release */,
			);
			defaultConfigurationIsVisible = 0;
			defaultConfigurationName = Release;
		};
/* End XCConfigurationList section */
	};
	rootObject = 0A02640717B027A2008E22F5 /* Project object */;
}
