// !$*UTF8*$!
{
	archiveVersion = 1;
	classes = {
	};
	objectVersion = 46;
	objects = {

/* Begin PBXBuildFile section */
		406BAD091F0416980096DE8E /* HelloCharge-Swift.storyboard in Resources */ = {isa = PBXBuildFile; fileRef = 406BAD021F0416980096DE8E /* HelloCharge-Swift.storyboard */; };
		406BAD0A1F0416980096DE8E /* LaunchScreen.storyboard in Resources */ = {isa = PBXBuildFile; fileRef = 406BAD031F0416980096DE8E /* LaunchScreen.storyboard */; };
		406BAD0B1F0416980096DE8E /* HelloChargeSwiftAppDelegate.swift in Sources */ = {isa = PBXBuildFile; fileRef = 406BAD061F0416980096DE8E /* HelloChargeSwiftAppDelegate.swift */; };
		406BAD0C1F0416980096DE8E /* HelloChargeSwiftTableViewController.swift in Sources */ = {isa = PBXBuildFile; fileRef = 406BAD071F0416980096DE8E /* HelloChargeSwiftTableViewController.swift */; };
		406BAD1B1F0416B60096DE8E /* SquarePointOfSaleSDK.framework in Frameworks */ = {isa = PBXBuildFile; fileRef = 406BAD141F0416AB0096DE8E /* SquarePointOfSaleSDK.framework */; };
		406BAD1C1F0416B60096DE8E /* SquarePointOfSaleSDK.framework in Embed Frameworks */ = {isa = PBXBuildFile; fileRef = 406BAD141F0416AB0096DE8E /* SquarePointOfSaleSDK.framework */; settings = {ATTRIBUTES = (CodeSignOnCopy, RemoveHeadersOnCopy, ); }; };
/* End PBXBuildFile section */

/* Begin PBXContainerItemProxy section */
		406BAD131F0416AB0096DE8E /* PBXContainerItemProxy */ = {
			isa = PBXContainerItemProxy;
			containerPortal = 406BAD0D1F0416AB0096DE8E /* SquarePointOfSaleSDK.xcodeproj */;
			proxyType = 2;
			remoteGlobalIDString = 8D3BD92C1CA9D6C600DA2B06;
			remoteInfo = SquarePointOfSaleSDK;
		};
		406BAD151F0416AB0096DE8E /* PBXContainerItemProxy */ = {
			isa = PBXContainerItemProxy;
			containerPortal = 406BAD0D1F0416AB0096DE8E /* SquarePointOfSaleSDK.xcodeproj */;
			proxyType = 2;
			remoteGlobalIDString = 40F4276E1F019E4E0015BFEB;
			remoteInfo = SquarePointOfSaleSDKTests;
		};
		406BAD171F0416AB0096DE8E /* PBXContainerItemProxy */ = {
			isa = PBXContainerItemProxy;
			containerPortal = 406BAD0D1F0416AB0096DE8E /* SquarePointOfSaleSDK.xcodeproj */;
			proxyType = 2;
			remoteGlobalIDString = 4010C4341F02C678008D4FB5;
			remoteInfo = TestHostApp;
		};
		406BAD191F0416B10096DE8E /* PBXContainerItemProxy */ = {
			isa = PBXContainerItemProxy;
			containerPortal = 406BAD0D1F0416AB0096DE8E /* SquarePointOfSaleSDK.xcodeproj */;
			proxyType = 1;
			remoteGlobalIDString = 8D3BD92B1CA9D6C600DA2B06;
			remoteInfo = SquarePointOfSaleSDK;
		};
		406BAD1D1F0416B60096DE8E /* PBXContainerItemProxy */ = {
			isa = PBXContainerItemProxy;
			containerPortal = 406BAD0D1F0416AB0096DE8E /* SquarePointOfSaleSDK.xcodeproj */;
			proxyType = 1;
			remoteGlobalIDString = 8D3BD92B1CA9D6C600DA2B06;
			remoteInfo = SquarePointOfSaleSDK;
		};
/* End PBXContainerItemProxy section */

/* Begin PBXCopyFilesBuildPhase section */
		406BAD1F1F0416B60096DE8E /* Embed Frameworks */ = {
			isa = PBXCopyFilesBuildPhase;
			buildActionMask = 2147483647;
			dstPath = "";
			dstSubfolderSpec = 10;
			files = (
				406BAD1C1F0416B60096DE8E /* SquarePointOfSaleSDK.framework in Embed Frameworks */,
			);
			name = "Embed Frameworks";
			runOnlyForDeploymentPostprocessing = 0;
		};
/* End PBXCopyFilesBuildPhase section */

/* Begin PBXFileReference section */
		404325941F041D1900C9348C /* README.md */ = {isa = PBXFileReference; lastKnownFileType = net.daringfireball.markdown; path = README.md; sourceTree = "<group>"; };
		406BACEB1F0416550096DE8E /* HelloCharge-Swift.app */ = {isa = PBXFileReference; explicitFileType = wrapper.application; includeInIndex = 0; path = "HelloCharge-Swift.app"; sourceTree = BUILT_PRODUCTS_DIR; };
		406BAD011F0416980096DE8E /* HelloCharge-Swift-Info.plist */ = {isa = PBXFileReference; fileEncoding = 4; lastKnownFileType = text.plist.xml; path = "HelloCharge-Swift-Info.plist"; sourceTree = "<group>"; };
		406BAD021F0416980096DE8E /* HelloCharge-Swift.storyboard */ = {isa = PBXFileReference; fileEncoding = 4; lastKnownFileType = file.storyboard; path = "HelloCharge-Swift.storyboard"; sourceTree = "<group>"; };
		406BAD031F0416980096DE8E /* LaunchScreen.storyboard */ = {isa = PBXFileReference; fileEncoding = 4; lastKnownFileType = file.storyboard; path = LaunchScreen.storyboard; sourceTree = "<group>"; };
		406BAD051F0416980096DE8E /* HelloCharge-Swift-Bridging-Header.h */ = {isa = PBXFileReference; fileEncoding = 4; lastKnownFileType = sourcecode.c.h; path = "HelloCharge-Swift-Bridging-Header.h"; sourceTree = "<group>"; };
		406BAD061F0416980096DE8E /* HelloChargeSwiftAppDelegate.swift */ = {isa = PBXFileReference; fileEncoding = 4; lastKnownFileType = sourcecode.swift; path = HelloChargeSwiftAppDelegate.swift; sourceTree = "<group>"; };
		406BAD071F0416980096DE8E /* HelloChargeSwiftTableViewController.swift */ = {isa = PBXFileReference; fileEncoding = 4; lastKnownFileType = sourcecode.swift; path = HelloChargeSwiftTableViewController.swift; sourceTree = "<group>"; };
		406BAD0D1F0416AB0096DE8E /* SquarePointOfSaleSDK.xcodeproj */ = {isa = PBXFileReference; lastKnownFileType = "wrapper.pb-project"; name = SquarePointOfSaleSDK.xcodeproj; path = ../../SquarePointOfSaleSDK.xcodeproj; sourceTree = "<group>"; };
/* End PBXFileReference section */

/* Begin PBXFrameworksBuildPhase section */
		406BACE81F0416550096DE8E /* Frameworks */ = {
			isa = PBXFrameworksBuildPhase;
			buildActionMask = 2147483647;
			files = (
				406BAD1B1F0416B60096DE8E /* SquarePointOfSaleSDK.framework in Frameworks */,
			);
			runOnlyForDeploymentPostprocessing = 0;
		};
/* End PBXFrameworksBuildPhase section */

/* Begin PBXGroup section */
		406BACE21F0416550096DE8E = {
			isa = PBXGroup;
			children = (
				406BAD0D1F0416AB0096DE8E /* SquarePointOfSaleSDK.xcodeproj */,
				404325941F041D1900C9348C /* README.md */,
				406BAD001F0416980096DE8E /* Resources */,
				406BAD041F0416980096DE8E /* Sources */,
				406BACEC1F0416550096DE8E /* Products */,
			);
			sourceTree = "<group>";
		};
		406BACEC1F0416550096DE8E /* Products */ = {
			isa = PBXGroup;
			children = (
				406BACEB1F0416550096DE8E /* HelloCharge-Swift.app */,
			);
			name = Products;
			sourceTree = "<group>";
		};
		406BAD001F0416980096DE8E /* Resources */ = {
			isa = PBXGroup;
			children = (
				406BAD011F0416980096DE8E /* HelloCharge-Swift-Info.plist */,
				406BAD021F0416980096DE8E /* HelloCharge-Swift.storyboard */,
				406BAD031F0416980096DE8E /* LaunchScreen.storyboard */,
			);
			path = Resources;
			sourceTree = "<group>";
		};
		406BAD041F0416980096DE8E /* Sources */ = {
			isa = PBXGroup;
			children = (
				406BAD051F0416980096DE8E /* HelloCharge-Swift-Bridging-Header.h */,
				406BAD061F0416980096DE8E /* HelloChargeSwiftAppDelegate.swift */,
				406BAD071F0416980096DE8E /* HelloChargeSwiftTableViewController.swift */,
			);
			path = Sources;
			sourceTree = "<group>";
		};
		406BAD0E1F0416AB0096DE8E /* Products */ = {
			isa = PBXGroup;
			children = (
				406BAD141F0416AB0096DE8E /* SquarePointOfSaleSDK.framework */,
				406BAD161F0416AB0096DE8E /* SquarePointOfSaleSDKTests.xctest */,
				406BAD181F0416AB0096DE8E /* TestHostApp.app */,
			);
			name = Products;
			sourceTree = "<group>";
		};
/* End PBXGroup section */

/* Begin PBXNativeTarget section */
		406BACEA1F0416550096DE8E /* HelloCharge-Swift */ = {
			isa = PBXNativeTarget;
			buildConfigurationList = 406BACFD1F0416550096DE8E /* Build configuration list for PBXNativeTarget "HelloCharge-Swift" */;
			buildPhases = (
				406BACE71F0416550096DE8E /* Sources */,
				406BACE81F0416550096DE8E /* Frameworks */,
				406BACE91F0416550096DE8E /* Resources */,
				406BAD1F1F0416B60096DE8E /* Embed Frameworks */,
			);
			buildRules = (
			);
			dependencies = (
				406BAD1A1F0416B10096DE8E /* PBXTargetDependency */,
				406BAD1E1F0416B60096DE8E /* PBXTargetDependency */,
			);
			name = "HelloCharge-Swift";
			productName = "HelloCharge-Swift";
			productReference = 406BACEB1F0416550096DE8E /* HelloCharge-Swift.app */;
			productType = "com.apple.product-type.application";
		};
/* End PBXNativeTarget section */

/* Begin PBXProject section */
		406BACE31F0416550096DE8E /* Project object */ = {
			isa = PBXProject;
			attributes = {
				LastSwiftUpdateCheck = 0820;
				LastUpgradeCheck = 0820;
				ORGANIZATIONNAME = Square;
				TargetAttributes = {
					406BACEA1F0416550096DE8E = {
						CreatedOnToolsVersion = 8.2.1;
						ProvisioningStyle = Automatic;
					};
				};
			};
			buildConfigurationList = 406BACE61F0416550096DE8E /* Build configuration list for PBXProject "HelloCharge-Swift" */;
			compatibilityVersion = "Xcode 3.2";
			developmentRegion = English;
			hasScannedForEncodings = 0;
			knownRegions = (
				en,
				Base,
			);
			mainGroup = 406BACE21F0416550096DE8E;
			productRefGroup = 406BACEC1F0416550096DE8E /* Products */;
			projectDirPath = "";
			projectReferences = (
				{
					ProductGroup = 406BAD0E1F0416AB0096DE8E /* Products */;
					ProjectRef = 406BAD0D1F0416AB0096DE8E /* SquarePointOfSaleSDK.xcodeproj */;
				},
			);
			projectRoot = "";
			targets = (
				406BACEA1F0416550096DE8E /* HelloCharge-Swift */,
			);
		};
/* End PBXProject section */

/* Begin PBXReferenceProxy section */
		406BAD141F0416AB0096DE8E /* SquarePointOfSaleSDK.framework */ = {
			isa = PBXReferenceProxy;
			fileType = wrapper.framework;
			path = SquarePointOfSaleSDK.framework;
			remoteRef = 406BAD131F0416AB0096DE8E /* PBXContainerItemProxy */;
			sourceTree = BUILT_PRODUCTS_DIR;
		};
		406BAD161F0416AB0096DE8E /* SquarePointOfSaleSDKTests.xctest */ = {
			isa = PBXReferenceProxy;
			fileType = wrapper.cfbundle;
			path = SquarePointOfSaleSDKTests.xctest;
			remoteRef = 406BAD151F0416AB0096DE8E /* PBXContainerItemProxy */;
			sourceTree = BUILT_PRODUCTS_DIR;
		};
		406BAD181F0416AB0096DE8E /* TestHostApp.app */ = {
			isa = PBXReferenceProxy;
			fileType = wrapper.application;
			path = TestHostApp.app;
			remoteRef = 406BAD171F0416AB0096DE8E /* PBXContainerItemProxy */;
			sourceTree = BUILT_PRODUCTS_DIR;
		};
/* End PBXReferenceProxy section */

/* Begin PBXResourcesBuildPhase section */
		406BACE91F0416550096DE8E /* Resources */ = {
			isa = PBXResourcesBuildPhase;
			buildActionMask = 2147483647;
			files = (
				406BAD0A1F0416980096DE8E /* LaunchScreen.storyboard in Resources */,
				406BAD091F0416980096DE8E /* HelloCharge-Swift.storyboard in Resources */,
			);
			runOnlyForDeploymentPostprocessing = 0;
		};
/* End PBXResourcesBuildPhase section */

/* Begin PBXSourcesBuildPhase section */
		406BACE71F0416550096DE8E /* Sources */ = {
			isa = PBXSourcesBuildPhase;
			buildActionMask = 2147483647;
			files = (
				406BAD0C1F0416980096DE8E /* HelloChargeSwiftTableViewController.swift in Sources */,
				406BAD0B1F0416980096DE8E /* HelloChargeSwiftAppDelegate.swift in Sources */,
			);
			runOnlyForDeploymentPostprocessing = 0;
		};
/* End PBXSourcesBuildPhase section */

/* Begin PBXTargetDependency section */
		406BAD1A1F0416B10096DE8E /* PBXTargetDependency */ = {
			isa = PBXTargetDependency;
			name = SquarePointOfSaleSDK;
			targetProxy = 406BAD191F0416B10096DE8E /* PBXContainerItemProxy */;
		};
		406BAD1E1F0416B60096DE8E /* PBXTargetDependency */ = {
			isa = PBXTargetDependency;
			name = SquarePointOfSaleSDK;
			targetProxy = 406BAD1D1F0416B60096DE8E /* PBXContainerItemProxy */;
		};
/* End PBXTargetDependency section */

/* Begin XCBuildConfiguration section */
		406BACFB1F0416550096DE8E /* Debug */ = {
			isa = XCBuildConfiguration;
			buildSettings = {
				ALWAYS_SEARCH_USER_PATHS = NO;
				CLANG_ANALYZER_NONNULL = YES;
				CLANG_CXX_LANGUAGE_STANDARD = "gnu++0x";
				CLANG_CXX_LIBRARY = "libc++";
				CLANG_ENABLE_MODULES = YES;
				CLANG_ENABLE_OBJC_ARC = YES;
				CLANG_WARN_BOOL_CONVERSION = YES;
				CLANG_WARN_CONSTANT_CONVERSION = YES;
				CLANG_WARN_DIRECT_OBJC_ISA_USAGE = YES_ERROR;
				CLANG_WARN_DOCUMENTATION_COMMENTS = YES;
				CLANG_WARN_EMPTY_BODY = YES;
				CLANG_WARN_ENUM_CONVERSION = YES;
				CLANG_WARN_INFINITE_RECURSION = YES;
				CLANG_WARN_INT_CONVERSION = YES;
				CLANG_WARN_OBJC_ROOT_CLASS = YES_ERROR;
				CLANG_WARN_SUSPICIOUS_MOVE = YES;
				CLANG_WARN_UNREACHABLE_CODE = YES;
				CLANG_WARN__DUPLICATE_METHOD_MATCH = YES;
				"CODE_SIGN_IDENTITY[sdk=iphoneos*]" = "iPhone Developer";
				COPY_PHASE_STRIP = NO;
				DEBUG_INFORMATION_FORMAT = dwarf;
				ENABLE_STRICT_OBJC_MSGSEND = YES;
				ENABLE_TESTABILITY = YES;
				GCC_C_LANGUAGE_STANDARD = gnu99;
				GCC_DYNAMIC_NO_PIC = NO;
				GCC_NO_COMMON_BLOCKS = YES;
				GCC_OPTIMIZATION_LEVEL = 0;
				GCC_PREPROCESSOR_DEFINITIONS = (
					"DEBUG=1",
					"$(inherited)",
				);
				GCC_WARN_64_TO_32_BIT_CONVERSION = YES;
				GCC_WARN_ABOUT_RETURN_TYPE = YES_ERROR;
				GCC_WARN_UNDECLARED_SELECTOR = YES;
				GCC_WARN_UNINITIALIZED_AUTOS = YES_AGGRESSIVE;
				GCC_WARN_UNUSED_FUNCTION = YES;
				GCC_WARN_UNUSED_VARIABLE = YES;
				IPHONEOS_DEPLOYMENT_TARGET = 10.2;
				MTL_ENABLE_DEBUG_INFO = YES;
				ONLY_ACTIVE_ARCH = YES;
				SDKROOT = iphoneos;
				SWIFT_ACTIVE_COMPILATION_CONDITIONS = DEBUG;
				SWIFT_OPTIMIZATION_LEVEL = "-Onone";
				TARGETED_DEVICE_FAMILY = "1,2";
			};
			name = Debug;
		};
		406BACFC1F0416550096DE8E /* Release */ = {
			isa = XCBuildConfiguration;
			buildSettings = {
				ALWAYS_SEARCH_USER_PATHS = NO;
				CLANG_ANALYZER_NONNULL = YES;
				CLANG_CXX_LANGUAGE_STANDARD = "gnu++0x";
				CLANG_CXX_LIBRARY = "libc++";
				CLANG_ENABLE_MODULES = YES;
				CLANG_ENABLE_OBJC_ARC = YES;
				CLANG_WARN_BOOL_CONVERSION = YES;
				CLANG_WARN_CONSTANT_CONVERSION = YES;
				CLANG_WARN_DIRECT_OBJC_ISA_USAGE = YES_ERROR;
				CLANG_WARN_DOCUMENTATION_COMMENTS = YES;
				CLANG_WARN_EMPTY_BODY = YES;
				CLANG_WARN_ENUM_CONVERSION = YES;
				CLANG_WARN_INFINITE_RECURSION = YES;
				CLANG_WARN_INT_CONVERSION = YES;
				CLANG_WARN_OBJC_ROOT_CLASS = YES_ERROR;
				CLANG_WARN_SUSPICIOUS_MOVE = YES;
				CLANG_WARN_UNREACHABLE_CODE = YES;
				CLANG_WARN__DUPLICATE_METHOD_MATCH = YES;
				"CODE_SIGN_IDENTITY[sdk=iphoneos*]" = "iPhone Developer";
				COPY_PHASE_STRIP = NO;
				DEBUG_INFORMATION_FORMAT = "dwarf-with-dsym";
				ENABLE_NS_ASSERTIONS = NO;
				ENABLE_STRICT_OBJC_MSGSEND = YES;
				GCC_C_LANGUAGE_STANDARD = gnu99;
				GCC_NO_COMMON_BLOCKS = YES;
				GCC_WARN_64_TO_32_BIT_CONVERSION = YES;
				GCC_WARN_ABOUT_RETURN_TYPE = YES_ERROR;
				GCC_WARN_UNDECLARED_SELECTOR = YES;
				GCC_WARN_UNINITIALIZED_AUTOS = YES_AGGRESSIVE;
				GCC_WARN_UNUSED_FUNCTION = YES;
				GCC_WARN_UNUSED_VARIABLE = YES;
				IPHONEOS_DEPLOYMENT_TARGET = 10.2;
				MTL_ENABLE_DEBUG_INFO = NO;
				SDKROOT = iphoneos;
				SWIFT_OPTIMIZATION_LEVEL = "-Owholemodule";
				TARGETED_DEVICE_FAMILY = "1,2";
				VALIDATE_PRODUCT = YES;
			};
			name = Release;
		};
		406BACFE1F0416550096DE8E /* Debug */ = {
			isa = XCBuildConfiguration;
			buildSettings = {
				INFOPLIST_FILE = "$(SRCROOT)/Resources/HelloCharge-Swift-Info.plist";
				LD_RUNPATH_SEARCH_PATHS = "$(inherited) @executable_path/Frameworks";
				PRODUCT_BUNDLE_IDENTIFIER = "com.squareup.HelloCharge-Swift";
				PRODUCT_NAME = "$(TARGET_NAME)";
				SWIFT_VERSION = 3.0;
			};
			name = Debug;
		};
		406BACFF1F0416550096DE8E /* Release */ = {
			isa = XCBuildConfiguration;
			buildSettings = {
				INFOPLIST_FILE = "$(SRCROOT)/Resources/HelloCharge-Swift-Info.plist";
				LD_RUNPATH_SEARCH_PATHS = "$(inherited) @executable_path/Frameworks";
				PRODUCT_BUNDLE_IDENTIFIER = "com.squareup.HelloCharge-Swift";
				PRODUCT_NAME = "$(TARGET_NAME)";
				SWIFT_VERSION = 3.0;
			};
			name = Release;
		};
/* End XCBuildConfiguration section */

/* Begin XCConfigurationList section */
		406BACE61F0416550096DE8E /* Build configuration list for PBXProject "HelloCharge-Swift" */ = {
			isa = XCConfigurationList;
			buildConfigurations = (
				406BACFB1F0416550096DE8E /* Debug */,
				406BACFC1F0416550096DE8E /* Release */,
			);
			defaultConfigurationIsVisible = 0;
			defaultConfigurationName = Release;
		};
		406BACFD1F0416550096DE8E /* Build configuration list for PBXNativeTarget "HelloCharge-Swift" */ = {
			isa = XCConfigurationList;
			buildConfigurations = (
				406BACFE1F0416550096DE8E /* Debug */,
				406BACFF1F0416550096DE8E /* Release */,
			);
			defaultConfigurationIsVisible = 0;
			defaultConfigurationName = Release;
		};
/* End XCConfigurationList section */
	};
	rootObject = 406BACE31F0416550096DE8E /* Project object */;
}
